
Microsoft Visual Studio Solution File, Format Version 12.00
# Visual Studio Version 16
VisualStudioVersion = 16.0.31105.61
MinimumVisualStudioVersion = 10.0.40219.1
Project("{FAE04EC0-301F-11D3-BF4B-00C04F79EFBC}") = "CSWF_EnCount", "CSWF_EnCount\CSWF_EnCount.csproj", "{228223E1-FDED-456C-A406-F9CF6FED25D3}"
EndProject
Global
	GlobalSection(SolutionConfigurationPlatforms) = preSolution
		Debug|Any CPU = Debug|Any CPU
		Release|Any CPU = Release|Any CPU
	EndGlobalSection
	GlobalSection(ProjectConfigurationPlatforms) = postSolution
		{228223E1-FDED-456C-A406-F9CF6FED25D3}.Debug|Any CPU.ActiveCfg = Debug|Any CPU
		{228223E1-FDED-456C-A406-F9CF6FED25D3}.Debug|Any CPU.Build.0 = Debug|Any CPU
		{228223E1-FDED-456C-A406-F9CF6FED25D3}.Release|Any CPU.ActiveCfg = Release|Any CPU
		{228223E1-FDED-456C-A406-F9CF6FED25D3}.Release|Any CPU.Build.0 = Release|Any CPU
	EndGlobalSection
	GlobalSection(SolutionProperties) = preSolution
		HideSolutionNode = FALSE
	EndGlobalSection
	GlobalSection(ExtensibilityGlobals) = postSolution
		SolutionGuid = {908B3490-F9C3-4D04-A954-E87D391563A5}
	EndGlobalSection
EndGlobal
